
Microsoft Visual Studio Solution File, Format Version 12.00
# Visual Studio 15
VisualStudioVersion = 15.0.28307.136
MinimumVisualStudioVersion = 10.0.40219.1
Project("{FAE04EC0-301F-11D3-BF4B-00C04F79EFBC}") = "HotelWebProject", "HotelWebProject\HotelWebProject.csproj", "{280A18E0-DD80-4CA1-932A-C72E42AD06D7}"
EndProject
Project("{FAE04EC0-301F-11D3-BF4B-00C04F79EFBC}") = "BLL", "BLL\BLL.csproj", "{C84813DA-5239-4FD5-A06D-F9C4087A0886}"
EndProject
Project("{FAE04EC0-301F-11D3-BF4B-00C04F79EFBC}") = "DAL", "DAL\DAL.csproj", "{C6F6B04B-D3A6-476E-91ED-7F7B9DD5CB02}"
EndProject
Project("{FAE04EC0-301F-11D3-BF4B-00C04F79EFBC}") = "Model", "Model\Model.csproj", "{B21AE773-4172-498B-954D-613F7D562A9C}"
EndProject
Project("{FAE04EC0-301F-11D3-BF4B-00C04F79EFBC}") = "TestProject", "TestProject\TestProject.csproj", "{F877152F-50F2-4616-992E-ECD5203A8D1A}"
EndProject
Global
	GlobalSection(SolutionConfigurationPlatforms) = preSolution
		Debug|Any CPU = Debug|Any CPU
		Release|Any CPU = Release|Any CPU
	EndGlobalSection
	GlobalSection(ProjectConfigurationPlatforms) = postSolution
		{280A18E0-DD80-4CA1-932A-C72E42AD06D7}.Debug|Any CPU.ActiveCfg = Debug|Any CPU
		{280A18E0-DD80-4CA1-932A-C72E42AD06D7}.Debug|Any CPU.Build.0 = Debug|Any CPU
		{280A18E0-DD80-4CA1-932A-C72E42AD06D7}.Release|Any CPU.ActiveCfg = Release|Any CPU
		{280A18E0-DD80-4CA1-932A-C72E42AD06D7}.Release|Any CPU.Build.0 = Release|Any CPU
		{C84813DA-5239-4FD5-A06D-F9C4087A0886}.Debug|Any CPU.ActiveCfg = Debug|Any CPU
		{C84813DA-5239-4FD5-A06D-F9C4087A0886}.Debug|Any CPU.Build.0 = Debug|Any CPU
		{C84813DA-5239-4FD5-A06D-F9C4087A0886}.Release|Any CPU.ActiveCfg = Release|Any CPU
		{C84813DA-5239-4FD5-A06D-F9C4087A0886}.Release|Any CPU.Build.0 = Release|Any CPU
		{C6F6B04B-D3A6-476E-91ED-7F7B9DD5CB02}.Debug|Any CPU.ActiveCfg = Debug|Any CPU
		{C6F6B04B-D3A6-476E-91ED-7F7B9DD5CB02}.Debug|Any CPU.Build.0 = Debug|Any CPU
		{C6F6B04B-D3A6-476E-91ED-7F7B9DD5CB02}.Release|Any CPU.ActiveCfg = Release|Any CPU
		{C6F6B04B-D3A6-476E-91ED-7F7B9DD5CB02}.Release|Any CPU.Build.0 = Release|Any CPU
		{B21AE773-4172-498B-954D-613F7D562A9C}.Debug|Any CPU.ActiveCfg = Debug|Any CPU
		{B21AE773-4172-498B-954D-613F7D562A9C}.Debug|Any CPU.Build.0 = Debug|Any CPU
		{B21AE773-4172-498B-954D-613F7D562A9C}.Release|Any CPU.ActiveCfg = Release|Any CPU
		{B21AE773-4172-498B-954D-613F7D562A9C}.Release|Any CPU.Build.0 = Release|Any CPU
		{F877152F-50F2-4616-992E-ECD5203A8D1A}.Debug|Any CPU.ActiveCfg = Debug|Any CPU
		{F877152F-50F2-4616-992E-ECD5203A8D1A}.Debug|Any CPU.Build.0 = Debug|Any CPU
		{F877152F-50F2-4616-992E-ECD5203A8D1A}.Release|Any CPU.ActiveCfg = Release|Any CPU
		{F877152F-50F2-4616-992E-ECD5203A8D1A}.Release|Any CPU.Build.0 = Release|Any CPU
	EndGlobalSection
	GlobalSection(SolutionProperties) = preSolution
		HideSolutionNode = FALSE
	EndGlobalSection
	GlobalSection(ExtensibilityGlobals) = postSolution
		SolutionGuid = {3492D85E-EB67-48C0-B6D3-B25D2392FE35}
	EndGlobalSection
EndGlobal
